// !$*UTF8*$!
{
	archiveVersion = 1;
	classes = {
	};
	objectVersion = 46;
	objects = {

/* Begin PBXBuildFile section */
		5C092EDA1AD686AC0056ADD4 /* ViewController.xib in Resources */ = {isa = PBXBuildFile; fileRef = 5C092ED91AD686AC0056ADD4 /* ViewController.xib */; };
		96E22A9C158F1CCE00FAD5FE /* ViewController~ipad.xib in Resources */ = {isa = PBXBuildFile; fileRef = 96E22A9B158F1CCE00FAD5FE /* ViewController~ipad.xib */; };
		96EB2937158B9A4600053974 /* UIKit.framework in Frameworks */ = {isa = PBXBuildFile; fileRef = 96EB2936158B9A4600053974 /* UIKit.framework */; };
		96EB2939158B9A4600053974 /* Foundation.framework in Frameworks */ = {isa = PBXBuildFile; fileRef = 96EB2938158B9A4600053974 /* Foundation.framework */; };
		96EB293B158B9A4600053974 /* CoreGraphics.framework in Frameworks */ = {isa = PBXBuildFile; fileRef = 96EB293A158B9A4600053974 /* CoreGraphics.framework */; };
		96EB2941158B9A4600053974 /* InfoPlist.strings in Resources */ = {isa = PBXBuildFile; fileRef = 96EB293F158B9A4600053974 /* InfoPlist.strings */; };
		96EB2943158B9A4600053974 /* main.m in Sources */ = {isa = PBXBuildFile; fileRef = 96EB2942158B9A4600053974 /* main.m */; };
		96EB2947158B9A4600053974 /* AppDelegate.m in Sources */ = {isa = PBXBuildFile; fileRef = 96EB2946158B9A4600053974 /* AppDelegate.m */; };
		96EB294A158B9A4600053974 /* ViewController.m in Sources */ = {isa = PBXBuildFile; fileRef = 96EB2949158B9A4600053974 /* ViewController.m */; };
		96EB295C158B9A6E00053974 /* icon.png in Resources */ = {isa = PBXBuildFile; fileRef = 96EB295B158B9A6E00053974 /* icon.png */; };
		96EB295E158B9A8D00053974 /* icon_iPad.png in Resources */ = {isa = PBXBuildFile; fileRef = 96EB295D158B9A8D00053974 /* icon_iPad.png */; };
		96EB296C158B9B3000053974 /* SEFilterControl.m in Sources */ = {isa = PBXBuildFile; fileRef = 96EB2969158B9B3000053974 /* SEFilterControl.m */; };
		96EB296D158B9B3000053974 /* SEFilterKnob.m in Sources */ = {isa = PBXBuildFile; fileRef = 96EB296B158B9B3000053974 /* SEFilterKnob.m */; };
		AB5E73C0180493B500E1C7A8 /* Default-568h@2x.png in Resources */ = {isa = PBXBuildFile; fileRef = AB5E73BF180493B500E1C7A8 /* Default-568h@2x.png */; };
/* End PBXBuildFile section */

/* Begin PBXFileReference section */
		5C092ED91AD686AC0056ADD4 /* ViewController.xib */ = {isa = PBXFileReference; fileEncoding = 4; lastKnownFileType = file.xib; path = ViewController.xib; sourceTree = "<group>"; };
		96E22A9B158F1CCE00FAD5FE /* ViewController~ipad.xib */ = {isa = PBXFileReference; fileEncoding = 4; lastKnownFileType = file.xib; path = "ViewController~ipad.xib"; sourceTree = "<group>"; };
		96EB2932158B9A4600053974 /* SEFilterControl_Sample.app */ = {isa = PBXFileReference; explicitFileType = wrapper.application; includeInIndex = 0; path = SEFilterControl_Sample.app; sourceTree = BUILT_PRODUCTS_DIR; };
		96EB2936158B9A4600053974 /* UIKit.framework */ = {isa = PBXFileReference; lastKnownFileType = wrapper.framework; name = UIKit.framework; path = System/Library/Frameworks/UIKit.framework; sourceTree = SDKROOT; };
		96EB2938158B9A4600053974 /* Foundation.framework */ = {isa = PBXFileReference; lastKnownFileType = wrapper.framework; name = Foundation.framework; path = System/Library/Frameworks/Foundation.framework; sourceTree = SDKROOT; };
		96EB293A158B9A4600053974 /* CoreGraphics.framework */ = {isa = PBXFileReference; lastKnownFileType = wrapper.framework; name = CoreGraphics.framework; path = System/Library/Frameworks/CoreGraphics.framework; sourceTree = SDKROOT; };
		96EB293E158B9A4600053974 /* SEFilterControl_Sample-Info.plist */ = {isa = PBXFileReference; lastKnownFileType = text.plist.xml; path = "SEFilterControl_Sample-Info.plist"; sourceTree = "<group>"; };
		96EB2940158B9A4600053974 /* en */ = {isa = PBXFileReference; lastKnownFileType = text.plist.strings; name = en; path = en.lproj/InfoPlist.strings; sourceTree = "<group>"; };
		96EB2942158B9A4600053974 /* main.m */ = {isa = PBXFileReference; lastKnownFileType = sourcecode.c.objc; path = main.m; sourceTree = "<group>"; };
		96EB2944158B9A4600053974 /* SEFilterControl_Sample-Prefix.pch */ = {isa = PBXFileReference; lastKnownFileType = sourcecode.c.h; path = "SEFilterControl_Sample-Prefix.pch"; sourceTree = "<group>"; };
		96EB2945158B9A4600053974 /* AppDelegate.h */ = {isa = PBXFileReference; lastKnownFileType = sourcecode.c.h; path = AppDelegate.h; sourceTree = "<group>"; };
		96EB2946158B9A4600053974 /* AppDelegate.m */ = {isa = PBXFileReference; lastKnownFileType = sourcecode.c.objc; path = AppDelegate.m; sourceTree = "<group>"; };
		96EB2948158B9A4600053974 /* ViewController.h */ = {isa = PBXFileReference; lastKnownFileType = sourcecode.c.h; path = ViewController.h; sourceTree = "<group>"; };
		96EB2949158B9A4600053974 /* ViewController.m */ = {isa = PBXFileReference; lastKnownFileType = sourcecode.c.objc; path = ViewController.m; sourceTree = "<group>"; };
		96EB295B158B9A6E00053974 /* icon.png */ = {isa = PBXFileReference; lastKnownFileType = image.png; name = icon.png; path = ../icon.png; sourceTree = "<group>"; };
		96EB295D158B9A8D00053974 /* icon_iPad.png */ = {isa = PBXFileReference; lastKnownFileType = image.png; name = icon_iPad.png; path = ../icon_iPad.png; sourceTree = "<group>"; };
		96EB2968158B9B3000053974 /* SEFilterControl.h */ = {isa = PBXFileReference; fileEncoding = 4; lastKnownFileType = sourcecode.c.h; path = SEFilterControl.h; sourceTree = "<group>"; };
		96EB2969158B9B3000053974 /* SEFilterControl.m */ = {isa = PBXFileReference; fileEncoding = 4; lastKnownFileType = sourcecode.c.objc; path = SEFilterControl.m; sourceTree = "<group>"; };
		96EB296A158B9B3000053974 /* SEFilterKnob.h */ = {isa = PBXFileReference; fileEncoding = 4; lastKnownFileType = sourcecode.c.h; path = SEFilterKnob.h; sourceTree = "<group>"; };
		96EB296B158B9B3000053974 /* SEFilterKnob.m */ = {isa = PBXFileReference; fileEncoding = 4; lastKnownFileType = sourcecode.c.objc; path = SEFilterKnob.m; sourceTree = "<group>"; };
		AB5E73BF180493B500E1C7A8 /* Default-568h@2x.png */ = {isa = PBXFileReference; lastKnownFileType = image.png; path = "Default-568h@2x.png"; sourceTree = "<group>"; };
/* End PBXFileReference section */

/* Begin PBXFrameworksBuildPhase section */
		96EB292F158B9A4600053974 /* Frameworks */ = {
			isa = PBXFrameworksBuildPhase;
			buildActionMask = 2147483647;
			files = (
				96EB2937158B9A4600053974 /* UIKit.framework in Frameworks */,
				96EB2939158B9A4600053974 /* Foundation.framework in Frameworks */,
				96EB293B158B9A4600053974 /* CoreGraphics.framework in Frameworks */,
			);
			runOnlyForDeploymentPostprocessing = 0;
		};
/* End PBXFrameworksBuildPhase section */

/* Begin PBXGroup section */
		96EB2927158B9A4600053974 = {
			isa = PBXGroup;
			children = (
				AB5E73BF180493B500E1C7A8 /* Default-568h@2x.png */,
				96EB295F158B9ABF00053974 /* SEFilterControl */,
				96EB293C158B9A4600053974 /* SEFilterControl_Sample */,
				96EB2935158B9A4600053974 /* Frameworks */,
				96EB2933158B9A4600053974 /* Products */,
			);
			sourceTree = "<group>";
		};
		96EB2933158B9A4600053974 /* Products */ = {
			isa = PBXGroup;
			children = (
				96EB2932158B9A4600053974 /* SEFilterControl_Sample.app */,
			);
			name = Products;
			sourceTree = "<group>";
		};
		96EB2935158B9A4600053974 /* Frameworks */ = {
			isa = PBXGroup;
			children = (
				96EB2936158B9A4600053974 /* UIKit.framework */,
				96EB2938158B9A4600053974 /* Foundation.framework */,
				96EB293A158B9A4600053974 /* CoreGraphics.framework */,
			);
			name = Frameworks;
			sourceTree = "<group>";
		};
		96EB293C158B9A4600053974 /* SEFilterControl_Sample */ = {
			isa = PBXGroup;
			children = (
				96EB2945158B9A4600053974 /* AppDelegate.h */,
				96EB2946158B9A4600053974 /* AppDelegate.m */,
				96EB2948158B9A4600053974 /* ViewController.h */,
				96EB2949158B9A4600053974 /* ViewController.m */,
				5C092ED91AD686AC0056ADD4 /* ViewController.xib */,
				96E22A9B158F1CCE00FAD5FE /* ViewController~ipad.xib */,
				96EB293D158B9A4600053974 /* Supporting Files */,
			);
			path = SEFilterControl_Sample;
			sourceTree = "<group>";
		};
		96EB293D158B9A4600053974 /* Supporting Files */ = {
			isa = PBXGroup;
			children = (
				96EB295B158B9A6E00053974 /* icon.png */,
				96EB295D158B9A8D00053974 /* icon_iPad.png */,
				96EB293E158B9A4600053974 /* SEFilterControl_Sample-Info.plist */,
				96EB293F158B9A4600053974 /* InfoPlist.strings */,
				96EB2942158B9A4600053974 /* main.m */,
				96EB2944158B9A4600053974 /* SEFilterControl_Sample-Prefix.pch */,
			);
			name = "Supporting Files";
			sourceTree = "<group>";
		};
		96EB295F158B9ABF00053974 /* SEFilterControl */ = {
			isa = PBXGroup;
			children = (
				96EB2968158B9B3000053974 /* SEFilterControl.h */,
				96EB2969158B9B3000053974 /* SEFilterControl.m */,
				96EB296A158B9B3000053974 /* SEFilterKnob.h */,
				96EB296B158B9B3000053974 /* SEFilterKnob.m */,
			);
			name = SEFilterControl;
			sourceTree = "<group>";
		};
/* End PBXGroup section */

/* Begin PBXNativeTarget section */
		96EB2931158B9A4600053974 /* SEFilterControl_Sample */ = {
			isa = PBXNativeTarget;
			buildConfigurationList = 96EB2953158B9A4600053974 /* Build configuration list for PBXNativeTarget "SEFilterControl_Sample" */;
			buildPhases = (
				96EB292E158B9A4600053974 /* Sources */,
				96EB292F158B9A4600053974 /* Frameworks */,
				96EB2930158B9A4600053974 /* Resources */,
			);
			buildRules = (
			);
			dependencies = (
			);
			name = SEFilterControl_Sample;
			productName = SEFilterControl_Sample;
			productReference = 96EB2932158B9A4600053974 /* SEFilterControl_Sample.app */;
			productType = "com.apple.product-type.application";
		};
/* End PBXNativeTarget section */

/* Begin PBXProject section */
		96EB2929158B9A4600053974 /* Project object */ = {
			isa = PBXProject;
			attributes = {
				LastUpgradeCheck = 0500;
				ORGANIZATIONNAME = "Shady Elyaski";
			};
			buildConfigurationList = 96EB292C158B9A4600053974 /* Build configuration list for PBXProject "SEFilterControl_Sample" */;
			compatibilityVersion = "Xcode 3.2";
			developmentRegion = English;
			hasScannedForEncodings = 0;
			knownRegions = (
				en,
			);
			mainGroup = 96EB2927158B9A4600053974;
			productRefGroup = 96EB2933158B9A4600053974 /* Products */;
			projectDirPath = "";
			projectRoot = "";
			targets = (
				96EB2931158B9A4600053974 /* SEFilterControl_Sample */,
			);
		};
/* End PBXProject section */

/* Begin PBXResourcesBuildPhase section */
		96EB2930158B9A4600053974 /* Resources */ = {
			isa = PBXResourcesBuildPhase;
			buildActionMask = 2147483647;
			files = (
				96EB2941158B9A4600053974 /* InfoPlist.strings in Resources */,
				96EB295C158B9A6E00053974 /* icon.png in Resources */,
				96EB295E158B9A8D00053974 /* icon_iPad.png in Resources */,
				96E22A9C158F1CCE00FAD5FE /* ViewController~ipad.xib in Resources */,
				5C092EDA1AD686AC0056ADD4 /* ViewController.xib in Resources */,
				AB5E73C0180493B500E1C7A8 /* Default-568h@2x.png in Resources */,
			);
			runOnlyForDeploymentPostprocessing = 0;
		};
/* End PBXResourcesBuildPhase section */

/* Begin PBXSourcesBuildPhase section */
		96EB292E158B9A4600053974 /* Sources */ = {
			isa = PBXSourcesBuildPhase;
			buildActionMask = 2147483647;
			files = (
				96EB2943158B9A4600053974 /* main.m in Sources */,
				96EB2947158B9A4600053974 /* AppDelegate.m in Sources */,
				96EB294A158B9A4600053974 /* ViewController.m in Sources */,
				96EB296C158B9B3000053974 /* SEFilterControl.m in Sources */,
				96EB296D158B9B3000053974 /* SEFilterKnob.m in Sources */,
			);
			runOnlyForDeploymentPostprocessing = 0;
		};
/* End PBXSourcesBuildPhase section */

/* Begin PBXVariantGroup section */
		96EB293F158B9A4600053974 /* InfoPlist.strings */ = {
			isa = PBXVariantGroup;
			children = (
				96EB2940158B9A4600053974 /* en */,
			);
			name = InfoPlist.strings;
			sourceTree = "<group>";
		};
/* End PBXVariantGroup section */

/* Begin XCBuildConfiguration section */
		96EB2951158B9A4600053974 /* Debug */ = {
			isa = XCBuildConfiguration;
			buildSettings = {
				ALWAYS_SEARCH_USER_PATHS = NO;
				CLANG_CXX_LANGUAGE_STANDARD = "gnu++0x";
				CLANG_WARN__DUPLICATE_METHOD_MATCH = YES;
				"CODE_SIGN_IDENTITY[sdk=iphoneos*]" = "iPhone Developer";
				COPY_PHASE_STRIP = NO;
				GCC_C_LANGUAGE_STANDARD = gnu99;
				GCC_DYNAMIC_NO_PIC = NO;
				GCC_OPTIMIZATION_LEVEL = 0;
				GCC_PREPROCESSOR_DEFINITIONS = (
					"DEBUG=1",
					"$(inherited)",
				);
				GCC_SYMBOLS_PRIVATE_EXTERN = NO;
				GCC_WARN_ABOUT_RETURN_TYPE = YES;
				GCC_WARN_UNINITIALIZED_AUTOS = YES;
				GCC_WARN_UNUSED_VARIABLE = YES;
				IPHONEOS_DEPLOYMENT_TARGET = 6.0;
				ONLY_ACTIVE_ARCH = YES;
				SDKROOT = iphoneos;
				TARGETED_DEVICE_FAMILY = "1,2";
			};
			name = Debug;
		};
		96EB2952158B9A4600053974 /* Release */ = {
			isa = XCBuildConfiguration;
			buildSettings = {
				ALWAYS_SEARCH_USER_PATHS = NO;
				CLANG_CXX_LANGUAGE_STANDARD = "gnu++0x";
				CLANG_WARN__DUPLICATE_METHOD_MATCH = YES;
				"CODE_SIGN_IDENTITY[sdk=iphoneos*]" = "iPhone Developer";
				COPY_PHASE_STRIP = YES;
				GCC_C_LANGUAGE_STANDARD = gnu99;
				GCC_WARN_ABOUT_RETURN_TYPE = YES;
				GCC_WARN_UNINITIALIZED_AUTOS = YES;
				GCC_WARN_UNUSED_VARIABLE = YES;
				IPHONEOS_DEPLOYMENT_TARGET = 6.0;
				OTHER_CFLAGS = "-DNS_BLOCK_ASSERTIONS=1";
				SDKROOT = iphoneos;
				TARGETED_DEVICE_FAMILY = "1,2";
				VALIDATE_PRODUCT = YES;
			};
			name = Release;
		};
		96EB2954158B9A4600053974 /* Debug */ = {
			isa = XCBuildConfiguration;
			buildSettings = {
				CLANG_ENABLE_OBJC_ARC = YES;
				CLANG_WARN_OBJC_MISSING_PROPERTY_SYNTHESIS = NO;
				GCC_PRECOMPILE_PREFIX_HEADER = YES;
				GCC_PREFIX_HEADER = "SEFilterControl_Sample/SEFilterControl_Sample-Prefix.pch";
				INFOPLIST_FILE = "SEFilterControl_Sample/SEFilterControl_Sample-Info.plist";
				IPHONEOS_DEPLOYMENT_TARGET = 6.0;
				PRODUCT_NAME = "$(TARGET_NAME)";
				WRAPPER_EXTENSION = app;
			};
			name = Debug;
		};
		96EB2955158B9A4600053974 /* Release */ = {
			isa = XCBuildConfiguration;
			buildSettings = {
				CLANG_ENABLE_OBJC_ARC = YES;
				CLANG_WARN_OBJC_MISSING_PROPERTY_SYNTHESIS = NO;
				GCC_PRECOMPILE_PREFIX_HEADER = YES;
				GCC_PREFIX_HEADER = "SEFilterControl_Sample/SEFilterControl_Sample-Prefix.pch";
				INFOPLIST_FILE = "SEFilterControl_Sample/SEFilterControl_Sample-Info.plist";
				IPHONEOS_DEPLOYMENT_TARGET = 6.0;
				PRODUCT_NAME = "$(TARGET_NAME)";
				WRAPPER_EXTENSION = app;
			};
			name = Release;
		};
/* End XCBuildConfiguration section */

/* Begin XCConfigurationList section */
		96EB292C158B9A4600053974 /* Build configuration list for PBXProject "SEFilterControl_Sample" */ = {
			isa = XCConfigurationList;
			buildConfigurations = (
				96EB2951158B9A4600053974 /* Debug */,
				96EB2952158B9A4600053974 /* Release */,
			);
			defaultConfigurationIsVisible = 0;
			defaultConfigurationName = Release;
		};
		96EB2953158B9A4600053974 /* Build configuration list for PBXNativeTarget "SEFilterControl_Sample" */ = {
			isa = XCConfigurationList;
			buildConfigurations = (
				96EB2954158B9A4600053974 /* Debug */,
				96EB2955158B9A4600053974 /* Release */,
			);
			defaultConfigurationIsVisible = 0;
			defaultConfigurationName = Release;
		};
/* End XCConfigurationList section */
	};
	rootObject = 96EB2929158B9A4600053974 /* Project object */;
}
